
Microsoft Visual Studio Solution File, Format Version 12.00
# Visual Studio Version 17
VisualStudioVersion = 17.3.32819.101
MinimumVisualStudioVersion = 10.0.40219.1
Project("{FAE04EC0-301F-11D3-BF4B-00C04F79EFBC}") = "Bai6_Trang64", "Bai6_Trang64\Bai6_Trang64.csproj", "{10730A80-0C20-4A6A-B4E0-0A2180DAF6DD}"
EndProject
Global
	GlobalSection(SolutionConfigurationPlatforms) = preSolution
		Debug|Any CPU = Debug|Any CPU
		Release|Any CPU = Release|Any CPU
	EndGlobalSection
	GlobalSection(ProjectConfigurationPlatforms) = postSolution
		{10730A80-0C20-4A6A-B4E0-0A2180DAF6DD}.Debug|Any CPU.ActiveCfg = Debug|Any CPU
		{10730A80-0C20-4A6A-B4E0-0A2180DAF6DD}.Debug|Any CPU.Build.0 = Debug|Any CPU
		{10730A80-0C20-4A6A-B4E0-0A2180DAF6DD}.Release|Any CPU.ActiveCfg = Release|Any CPU
		{10730A80-0C20-4A6A-B4E0-0A2180DAF6DD}.Release|Any CPU.Build.0 = Release|Any CPU
	EndGlobalSection
	GlobalSection(SolutionProperties) = preSolution
		HideSolutionNode = FALSE
	EndGlobalSection
	GlobalSection(ExtensibilityGlobals) = postSolution
		SolutionGuid = {AD4460A7-8F94-487F-A1D5-3F80F2F42779}
	EndGlobalSection
EndGlobal
